results/alpha_div/all_metrics_effect_sizes.tsv
results/alpha_div/all_metrics_pairwise_effect_sizes.tsv
results/beta_div/non_phylo/rpca/distance-matrix.tsv
results/beta_div/non_phylo/rpca/ordination.txt
results/beta_div/pairwise_effect_size_plot.html
results/beta_div/non_phylo/braycurtis/effect_sizes.tsv
results/alpha_div/non_phylo/pielou_e/vector.tsv
results/beta_div/phylo/phylo_rpca/distance-matrix.tsv
results/beta_div/phylo/phylo_rpca/ordination.txt
results/alpha_div/non_phylo/observed_otus/effect_sizes.tsv
results/alpha_div/non_phylo/observed_otus/pairwise_effect_sizes.tsv
results/beta_div/phylo/unweighted_unifrac/effect_sizes.tsv
results/beta_div/phylo/phylo_rpca/pairwise_effect_sizes.tsv
results/beta_div/all_metrics_pairwise_effect_sizes.tsv
results/alpha_div/non_phylo/chao1/effect_sizes.tsv
results/alpha_div/non_phylo/shannon/pairwise_effect_sizes.tsv
results/beta_div/phylo/unweighted_unifrac/distance-matrix.tsv
results/beta_div/non_phylo/jaccard/effect_sizes.tsv
results/beta_div/non_phylo/braycurtis/pairwise_effect_sizes.tsv
results/alpha_div/non_phylo/chao1/vector.tsv
results/beta_div/all_metrics_effect_sizes.tsv
results/alpha_div/non_phylo/pielou_e/pairwise_effect_sizes.tsv
results/beta_div/phylo/weighted_normalized_unifrac/effect_sizes.tsv
results/alpha_div/phylo/faith_pd/effect_sizes.tsv
results/alpha_div/non_phylo/chao1/pairwise_effect_sizes.tsv
results/beta_div/non_phylo/rpca/effect_sizes.tsv
results/beta_div/non_phylo/rpca/pairwise_effect_sizes.tsv
results/alpha_div/phylo/faith_pd/vector.tsv
results/alpha_div/phylo/faith_pd/pairwise_effect_sizes.tsv
results/beta_div/phylo/phylo_rpca/effect_sizes.tsv
results/alpha_div/effect_size_plot.html
results/alpha_div/pairwise_effect_size_plot.html
results/beta_div/phylo/unweighted_unifrac/pairwise_effect_sizes.tsv
results/beta_div/effect_size_plot.html
results/alpha_div/non_phylo/pielou_e/effect_sizes.tsv
